// !$*UTF8*$!
{
	archiveVersion = 1;
	classes = {
	};
	objectVersion = 46;
	objects = {

/* Begin PBXBuildFile section */
		8F50AC321DF9FE4A002DF741 /* AppDelegate.swift in Sources */ = {isa = PBXBuildFile; fileRef = 8F50AC311DF9FE4A002DF741 /* AppDelegate.swift */; };
		8F50AC341DF9FE4A002DF741 /* Assets.xcassets in Resources */ = {isa = PBXBuildFile; fileRef = 8F50AC331DF9FE4A002DF741 /* Assets.xcassets */; };
		8F50AC371DF9FE4A002DF741 /* MainMenu.xib in Resources */ = {isa = PBXBuildFile; fileRef = 8F50AC351DF9FE4A002DF741 /* MainMenu.xib */; };
		8F50AC421DF9FE4A002DF741 /* quietTests.swift in Sources */ = {isa = PBXBuildFile; fileRef = 8F50AC411DF9FE4A002DF741 /* quietTests.swift */; };
		8F50AC4D1DF9FE4A002DF741 /* quietUITests.swift in Sources */ = {isa = PBXBuildFile; fileRef = 8F50AC4C1DF9FE4A002DF741 /* quietUITests.swift */; };
		8F50AC5B1DFA0907002DF741 /* StatusMenuController.swift in Sources */ = {isa = PBXBuildFile; fileRef = 8F50AC5A1DFA0907002DF741 /* StatusMenuController.swift */; };
/* End PBXBuildFile section */

/* Begin PBXContainerItemProxy section */
		8F50AC3E1DF9FE4A002DF741 /* PBXContainerItemProxy */ = {
			isa = PBXContainerItemProxy;
			containerPortal = 8F50AC261DF9FE4A002DF741 /* Project object */;
			proxyType = 1;
			remoteGlobalIDString = 8F50AC2D1DF9FE4A002DF741;
			remoteInfo = quiet;
		};
		8F50AC491DF9FE4A002DF741 /* PBXContainerItemProxy */ = {
			isa = PBXContainerItemProxy;
			containerPortal = 8F50AC261DF9FE4A002DF741 /* Project object */;
			proxyType = 1;
			remoteGlobalIDString = 8F50AC2D1DF9FE4A002DF741;
			remoteInfo = quiet;
		};
/* End PBXContainerItemProxy section */

/* Begin PBXFileReference section */
		8F50AC2E1DF9FE4A002DF741 /* quiet.app */ = {isa = PBXFileReference; explicitFileType = wrapper.application; includeInIndex = 0; path = quiet.app; sourceTree = BUILT_PRODUCTS_DIR; };
		8F50AC311DF9FE4A002DF741 /* AppDelegate.swift */ = {isa = PBXFileReference; lastKnownFileType = sourcecode.swift; path = AppDelegate.swift; sourceTree = "<group>"; };
		8F50AC331DF9FE4A002DF741 /* Assets.xcassets */ = {isa = PBXFileReference; lastKnownFileType = folder.assetcatalog; path = Assets.xcassets; sourceTree = "<group>"; };
		8F50AC361DF9FE4A002DF741 /* Base */ = {isa = PBXFileReference; lastKnownFileType = file.xib; name = Base; path = Base.lproj/MainMenu.xib; sourceTree = "<group>"; };
		8F50AC381DF9FE4A002DF741 /* Info.plist */ = {isa = PBXFileReference; lastKnownFileType = text.plist.xml; path = Info.plist; sourceTree = "<group>"; };
		8F50AC3D1DF9FE4A002DF741 /* quietTests.xctest */ = {isa = PBXFileReference; explicitFileType = wrapper.cfbundle; includeInIndex = 0; path = quietTests.xctest; sourceTree = BUILT_PRODUCTS_DIR; };
		8F50AC411DF9FE4A002DF741 /* quietTests.swift */ = {isa = PBXFileReference; lastKnownFileType = sourcecode.swift; path = quietTests.swift; sourceTree = "<group>"; };
		8F50AC431DF9FE4A002DF741 /* Info.plist */ = {isa = PBXFileReference; lastKnownFileType = text.plist.xml; path = Info.plist; sourceTree = "<group>"; };
		8F50AC481DF9FE4A002DF741 /* quietUITests.xctest */ = {isa = PBXFileReference; explicitFileType = wrapper.cfbundle; includeInIndex = 0; path = quietUITests.xctest; sourceTree = BUILT_PRODUCTS_DIR; };
		8F50AC4C1DF9FE4A002DF741 /* quietUITests.swift */ = {isa = PBXFileReference; lastKnownFileType = sourcecode.swift; path = quietUITests.swift; sourceTree = "<group>"; };
		8F50AC4E1DF9FE4A002DF741 /* Info.plist */ = {isa = PBXFileReference; lastKnownFileType = text.plist.xml; path = Info.plist; sourceTree = "<group>"; };
		8F50AC5A1DFA0907002DF741 /* StatusMenuController.swift */ = {isa = PBXFileReference; fileEncoding = 4; lastKnownFileType = sourcecode.swift; path = StatusMenuController.swift; sourceTree = "<group>"; };
/* End PBXFileReference section */

/* Begin PBXFrameworksBuildPhase section */
		8F50AC2B1DF9FE4A002DF741 /* Frameworks */ = {
			isa = PBXFrameworksBuildPhase;
			buildActionMask = 2147483647;
			files = (
			);
			runOnlyForDeploymentPostprocessing = 0;
		};
		8F50AC3A1DF9FE4A002DF741 /* Frameworks */ = {
			isa = PBXFrameworksBuildPhase;
			buildActionMask = 2147483647;
			files = (
			);
			runOnlyForDeploymentPostprocessing = 0;
		};
		8F50AC451DF9FE4A002DF741 /* Frameworks */ = {
			isa = PBXFrameworksBuildPhase;
			buildActionMask = 2147483647;
			files = (
			);
			runOnlyForDeploymentPostprocessing = 0;
		};
/* End PBXFrameworksBuildPhase section */

/* Begin PBXGroup section */
		8F50AC251DF9FE4A002DF741 = {
			isa = PBXGroup;
			children = (
				8F50AC301DF9FE4A002DF741 /* quiet */,
				8F50AC401DF9FE4A002DF741 /* quietTests */,
				8F50AC4B1DF9FE4A002DF741 /* quietUITests */,
				8F50AC2F1DF9FE4A002DF741 /* Products */,
			);
			sourceTree = "<group>";
		};
		8F50AC2F1DF9FE4A002DF741 /* Products */ = {
			isa = PBXGroup;
			children = (
				8F50AC2E1DF9FE4A002DF741 /* quiet.app */,
				8F50AC3D1DF9FE4A002DF741 /* quietTests.xctest */,
				8F50AC481DF9FE4A002DF741 /* quietUITests.xctest */,
			);
			name = Products;
			sourceTree = "<group>";
		};
		8F50AC301DF9FE4A002DF741 /* quiet */ = {
			isa = PBXGroup;
			children = (
				8F50AC311DF9FE4A002DF741 /* AppDelegate.swift */,
				8F50AC331DF9FE4A002DF741 /* Assets.xcassets */,
				8F50AC5A1DFA0907002DF741 /* StatusMenuController.swift */,
				8F50AC351DF9FE4A002DF741 /* MainMenu.xib */,
				8F50AC381DF9FE4A002DF741 /* Info.plist */,
			);
			path = quiet;
			sourceTree = "<group>";
		};
		8F50AC401DF9FE4A002DF741 /* quietTests */ = {
			isa = PBXGroup;
			children = (
				8F50AC411DF9FE4A002DF741 /* quietTests.swift */,
				8F50AC431DF9FE4A002DF741 /* Info.plist */,
			);
			path = quietTests;
			sourceTree = "<group>";
		};
		8F50AC4B1DF9FE4A002DF741 /* quietUITests */ = {
			isa = PBXGroup;
			children = (
				8F50AC4C1DF9FE4A002DF741 /* quietUITests.swift */,
				8F50AC4E1DF9FE4A002DF741 /* Info.plist */,
			);
			path = quietUITests;
			sourceTree = "<group>";
		};
/* End PBXGroup section */

/* Begin PBXNativeTarget section */
		8F50AC2D1DF9FE4A002DF741 /* quiet */ = {
			isa = PBXNativeTarget;
			buildConfigurationList = 8F50AC511DF9FE4A002DF741 /* Build configuration list for PBXNativeTarget "quiet" */;
			buildPhases = (
				8F50AC2A1DF9FE4A002DF741 /* Sources */,
				8F50AC2B1DF9FE4A002DF741 /* Frameworks */,
				8F50AC2C1DF9FE4A002DF741 /* Resources */,
			);
			buildRules = (
			);
			dependencies = (
			);
			name = quiet;
			productName = quiet;
			productReference = 8F50AC2E1DF9FE4A002DF741 /* quiet.app */;
			productType = "com.apple.product-type.application";
		};
		8F50AC3C1DF9FE4A002DF741 /* quietTests */ = {
			isa = PBXNativeTarget;
			buildConfigurationList = 8F50AC541DF9FE4A002DF741 /* Build configuration list for PBXNativeTarget "quietTests" */;
			buildPhases = (
				8F50AC391DF9FE4A002DF741 /* Sources */,
				8F50AC3A1DF9FE4A002DF741 /* Frameworks */,
				8F50AC3B1DF9FE4A002DF741 /* Resources */,
			);
			buildRules = (
			);
			dependencies = (
				8F50AC3F1DF9FE4A002DF741 /* PBXTargetDependency */,
			);
			name = quietTests;
			productName = quietTests;
			productReference = 8F50AC3D1DF9FE4A002DF741 /* quietTests.xctest */;
			productType = "com.apple.product-type.bundle.unit-test";
		};
		8F50AC471DF9FE4A002DF741 /* quietUITests */ = {
			isa = PBXNativeTarget;
			buildConfigurationList = 8F50AC571DF9FE4A002DF741 /* Build configuration list for PBXNativeTarget "quietUITests" */;
			buildPhases = (
				8F50AC441DF9FE4A002DF741 /* Sources */,
				8F50AC451DF9FE4A002DF741 /* Frameworks */,
				8F50AC461DF9FE4A002DF741 /* Resources */,
			);
			buildRules = (
			);
			dependencies = (
				8F50AC4A1DF9FE4A002DF741 /* PBXTargetDependency */,
			);
			name = quietUITests;
			productName = quietUITests;
			productReference = 8F50AC481DF9FE4A002DF741 /* quietUITests.xctest */;
			productType = "com.apple.product-type.bundle.ui-testing";
		};
/* End PBXNativeTarget section */

/* Begin PBXProject section */
		8F50AC261DF9FE4A002DF741 /* Project object */ = {
			isa = PBXProject;
			attributes = {
				LastSwiftUpdateCheck = 0800;
				LastUpgradeCheck = 0800;
				ORGANIZATIONNAME = "Ellen Li";
				TargetAttributes = {
					8F50AC2D1DF9FE4A002DF741 = {
						CreatedOnToolsVersion = 8.0;
						ProvisioningStyle = Automatic;
					};
					8F50AC3C1DF9FE4A002DF741 = {
						CreatedOnToolsVersion = 8.0;
						ProvisioningStyle = Automatic;
						TestTargetID = 8F50AC2D1DF9FE4A002DF741;
					};
					8F50AC471DF9FE4A002DF741 = {
						CreatedOnToolsVersion = 8.0;
						ProvisioningStyle = Automatic;
						TestTargetID = 8F50AC2D1DF9FE4A002DF741;
					};
				};
			};
			buildConfigurationList = 8F50AC291DF9FE4A002DF741 /* Build configuration list for PBXProject "quiet" */;
			compatibilityVersion = "Xcode 3.2";
			developmentRegion = English;
			hasScannedForEncodings = 0;
			knownRegions = (
				en,
				Base,
			);
			mainGroup = 8F50AC251DF9FE4A002DF741;
			productRefGroup = 8F50AC2F1DF9FE4A002DF741 /* Products */;
			projectDirPath = "";
			projectRoot = "";
			targets = (
				8F50AC2D1DF9FE4A002DF741 /* quiet */,
				8F50AC3C1DF9FE4A002DF741 /* quietTests */,
				8F50AC471DF9FE4A002DF741 /* quietUITests */,
			);
		};
/* End PBXProject section */

/* Begin PBXResourcesBuildPhase section */
		8F50AC2C1DF9FE4A002DF741 /* Resources */ = {
			isa = PBXResourcesBuildPhase;
			buildActionMask = 2147483647;
			files = (
				8F50AC341DF9FE4A002DF741 /* Assets.xcassets in Resources */,
				8F50AC371DF9FE4A002DF741 /* MainMenu.xib in Resources */,
			);
			runOnlyForDeploymentPostprocessing = 0;
		};
		8F50AC3B1DF9FE4A002DF741 /* Resources */ = {
			isa = PBXResourcesBuildPhase;
			buildActionMask = 2147483647;
			files = (
			);
			runOnlyForDeploymentPostprocessing = 0;
		};
		8F50AC461DF9FE4A002DF741 /* Resources */ = {
			isa = PBXResourcesBuildPhase;
			buildActionMask = 2147483647;
			files = (
			);
			runOnlyForDeploymentPostprocessing = 0;
		};
/* End PBXResourcesBuildPhase section */

/* Begin PBXSourcesBuildPhase section */
		8F50AC2A1DF9FE4A002DF741 /* Sources */ = {
			isa = PBXSourcesBuildPhase;
			buildActionMask = 2147483647;
			files = (
				8F50AC5B1DFA0907002DF741 /* StatusMenuController.swift in Sources */,
				8F50AC321DF9FE4A002DF741 /* AppDelegate.swift in Sources */,
			);
			runOnlyForDeploymentPostprocessing = 0;
		};
		8F50AC391DF9FE4A002DF741 /* Sources */ = {
			isa = PBXSourcesBuildPhase;
			buildActionMask = 2147483647;
			files = (
				8F50AC421DF9FE4A002DF741 /* quietTests.swift in Sources */,
			);
			runOnlyForDeploymentPostprocessing = 0;
		};
		8F50AC441DF9FE4A002DF741 /* Sources */ = {
			isa = PBXSourcesBuildPhase;
			buildActionMask = 2147483647;
			files = (
				8F50AC4D1DF9FE4A002DF741 /* quietUITests.swift in Sources */,
			);
			runOnlyForDeploymentPostprocessing = 0;
		};
/* End PBXSourcesBuildPhase section */

/* Begin PBXTargetDependency section */
		8F50AC3F1DF9FE4A002DF741 /* PBXTargetDependency */ = {
			isa = PBXTargetDependency;
			target = 8F50AC2D1DF9FE4A002DF741 /* quiet */;
			targetProxy = 8F50AC3E1DF9FE4A002DF741 /* PBXContainerItemProxy */;
		};
		8F50AC4A1DF9FE4A002DF741 /* PBXTargetDependency */ = {
			isa = PBXTargetDependency;
			target = 8F50AC2D1DF9FE4A002DF741 /* quiet */;
			targetProxy = 8F50AC491DF9FE4A002DF741 /* PBXContainerItemProxy */;
		};
/* End PBXTargetDependency section */

/* Begin PBXVariantGroup section */
		8F50AC351DF9FE4A002DF741 /* MainMenu.xib */ = {
			isa = PBXVariantGroup;
			children = (
				8F50AC361DF9FE4A002DF741 /* Base */,
			);
			name = MainMenu.xib;
			sourceTree = "<group>";
		};
/* End PBXVariantGroup section */

/* Begin XCBuildConfiguration section */
		8F50AC4F1DF9FE4A002DF741 /* Debug */ = {
			isa = XCBuildConfiguration;
			buildSettings = {
				ALWAYS_SEARCH_USER_PATHS = NO;
				CLANG_ANALYZER_NONNULL = YES;
				CLANG_CXX_LANGUAGE_STANDARD = "gnu++0x";
				CLANG_CXX_LIBRARY = "libc++";
				CLANG_ENABLE_MODULES = YES;
				CLANG_ENABLE_OBJC_ARC = YES;
				CLANG_WARN_BOOL_CONVERSION = YES;
				CLANG_WARN_CONSTANT_CONVERSION = YES;
				CLANG_WARN_DIRECT_OBJC_ISA_USAGE = YES_ERROR;
				CLANG_WARN_DOCUMENTATION_COMMENTS = YES;
				CLANG_WARN_EMPTY_BODY = YES;
				CLANG_WARN_ENUM_CONVERSION = YES;
				CLANG_WARN_INFINITE_RECURSION = YES;
				CLANG_WARN_INT_CONVERSION = YES;
				CLANG_WARN_OBJC_ROOT_CLASS = YES_ERROR;
				CLANG_WARN_SUSPICIOUS_MOVES = YES;
				CLANG_WARN_UNREACHABLE_CODE = YES;
				CLANG_WARN__DUPLICATE_METHOD_MATCH = YES;
				CODE_SIGN_IDENTITY = "-";
				COPY_PHASE_STRIP = NO;
				DEBUG_INFORMATION_FORMAT = dwarf;
				ENABLE_STRICT_OBJC_MSGSEND = YES;
				ENABLE_TESTABILITY = YES;
				GCC_C_LANGUAGE_STANDARD = gnu99;
				GCC_DYNAMIC_NO_PIC = NO;
				GCC_NO_COMMON_BLOCKS = YES;
				GCC_OPTIMIZATION_LEVEL = 0;
				GCC_PREPROCESSOR_DEFINITIONS = (
					"DEBUG=1",
					"$(inherited)",
				);
				GCC_WARN_64_TO_32_BIT_CONVERSION = YES;
				GCC_WARN_ABOUT_RETURN_TYPE = YES_ERROR;
				GCC_WARN_UNDECLARED_SELECTOR = YES;
				GCC_WARN_UNINITIALIZED_AUTOS = YES_AGGRESSIVE;
				GCC_WARN_UNUSED_FUNCTION = YES;
				GCC_WARN_UNUSED_VARIABLE = YES;
				MACOSX_DEPLOYMENT_TARGET = 10.11;
				MTL_ENABLE_DEBUG_INFO = YES;
				ONLY_ACTIVE_ARCH = YES;
				SDKROOT = macosx;
				SWIFT_ACTIVE_COMPILATION_CONDITIONS = DEBUG;
				SWIFT_OPTIMIZATION_LEVEL = "-Onone";
			};
			name = Debug;
		};
		8F50AC501DF9FE4A002DF741 /* Release */ = {
			isa = XCBuildConfiguration;
			buildSettings = {
				ALWAYS_SEARCH_USER_PATHS = NO;
				CLANG_ANALYZER_NONNULL = YES;
				CLANG_CXX_LANGUAGE_STANDARD = "gnu++0x";
				CLANG_CXX_LIBRARY = "libc++";
				CLANG_ENABLE_MODULES = YES;
				CLANG_ENABLE_OBJC_ARC = YES;
				CLANG_WARN_BOOL_CONVERSION = YES;
				CLANG_WARN_CONSTANT_CONVERSION = YES;
				CLANG_WARN_DIRECT_OBJC_ISA_USAGE = YES_ERROR;
				CLANG_WARN_DOCUMENTATION_COMMENTS = YES;
				CLANG_WARN_EMPTY_BODY = YES;
				CLANG_WARN_ENUM_CONVERSION = YES;
				CLANG_WARN_INFINITE_RECURSION = YES;
				CLANG_WARN_INT_CONVERSION = YES;
				CLANG_WARN_OBJC_ROOT_CLASS = YES_ERROR;
				CLANG_WARN_SUSPICIOUS_MOVES = YES;
				CLANG_WARN_UNREACHABLE_CODE = YES;
				CLANG_WARN__DUPLICATE_METHOD_MATCH = YES;
				CODE_SIGN_IDENTITY = "-";
				COPY_PHASE_STRIP = NO;
				DEBUG_INFORMATION_FORMAT = "dwarf-with-dsym";
				ENABLE_NS_ASSERTIONS = NO;
				ENABLE_STRICT_OBJC_MSGSEND = YES;
				GCC_C_LANGUAGE_STANDARD = gnu99;
				GCC_NO_COMMON_BLOCKS = YES;
				GCC_WARN_64_TO_32_BIT_CONVERSION = YES;
				GCC_WARN_ABOUT_RETURN_TYPE = YES_ERROR;
				GCC_WARN_UNDECLARED_SELECTOR = YES;
				GCC_WARN_UNINITIALIZED_AUTOS = YES_AGGRESSIVE;
				GCC_WARN_UNUSED_FUNCTION = YES;
				GCC_WARN_UNUSED_VARIABLE = YES;
				MACOSX_DEPLOYMENT_TARGET = 10.11;
				MTL_ENABLE_DEBUG_INFO = NO;
				SDKROOT = macosx;
				SWIFT_OPTIMIZATION_LEVEL = "-Owholemodule";
			};
			name = Release;
		};
		8F50AC521DF9FE4A002DF741 /* Debug */ = {
			isa = XCBuildConfiguration;
			buildSettings = {
				ASSETCATALOG_COMPILER_APPICON_NAME = AppIcon;
				COMBINE_HIDPI_IMAGES = YES;
				INFOPLIST_FILE = quiet/Info.plist;
				LD_RUNPATH_SEARCH_PATHS = "$(inherited) @executable_path/../Frameworks";
				PRODUCT_BUNDLE_IDENTIFIER = com.ellenli.quiet;
				PRODUCT_NAME = "$(TARGET_NAME)";
				SWIFT_VERSION = 3.0;
			};
			name = Debug;
		};
		8F50AC531DF9FE4A002DF741 /* Release */ = {
			isa = XCBuildConfiguration;
			buildSettings = {
				ASSETCATALOG_COMPILER_APPICON_NAME = AppIcon;
				COMBINE_HIDPI_IMAGES = YES;
				INFOPLIST_FILE = quiet/Info.plist;
				LD_RUNPATH_SEARCH_PATHS = "$(inherited) @executable_path/../Frameworks";
				PRODUCT_BUNDLE_IDENTIFIER = com.ellenli.quiet;
				PRODUCT_NAME = "$(TARGET_NAME)";
				SWIFT_VERSION = 3.0;
			};
			name = Release;
		};
		8F50AC551DF9FE4A002DF741 /* Debug */ = {
			isa = XCBuildConfiguration;
			buildSettings = {
				ALWAYS_EMBED_SWIFT_STANDARD_LIBRARIES = YES;
				BUNDLE_LOADER = "$(TEST_HOST)";
				COMBINE_HIDPI_IMAGES = YES;
				INFOPLIST_FILE = quietTests/Info.plist;
				LD_RUNPATH_SEARCH_PATHS = "$(inherited) @executable_path/../Frameworks @loader_path/../Frameworks";
				PRODUCT_BUNDLE_IDENTIFIER = com.ellenli.quietTests;
				PRODUCT_NAME = "$(TARGET_NAME)";
				SWIFT_VERSION = 3.0;
				TEST_HOST = "$(BUILT_PRODUCTS_DIR)/quiet.app/Contents/MacOS/quiet";
			};
			name = Debug;
		};
		8F50AC561DF9FE4A002DF741 /* Release */ = {
			isa = XCBuildConfiguration;
			buildSettings = {
				ALWAYS_EMBED_SWIFT_STANDARD_LIBRARIES = YES;
				BUNDLE_LOADER = "$(TEST_HOST)";
				COMBINE_HIDPI_IMAGES = YES;
				INFOPLIST_FILE = quietTests/Info.plist;
				LD_RUNPATH_SEARCH_PATHS = "$(inherited) @executable_path/../Frameworks @loader_path/../Frameworks";
				PRODUCT_BUNDLE_IDENTIFIER = com.ellenli.quietTests;
				PRODUCT_NAME = "$(TARGET_NAME)";
				SWIFT_VERSION = 3.0;
				TEST_HOST = "$(BUILT_PRODUCTS_DIR)/quiet.app/Contents/MacOS/quiet";
			};
			name = Release;
		};
		8F50AC581DF9FE4A002DF741 /* Debug */ = {
			isa = XCBuildConfiguration;
			buildSettings = {
				ALWAYS_EMBED_SWIFT_STANDARD_LIBRARIES = YES;
				COMBINE_HIDPI_IMAGES = YES;
				INFOPLIST_FILE = quietUITests/Info.plist;
				LD_RUNPATH_SEARCH_PATHS = "$(inherited) @executable_path/../Frameworks @loader_path/../Frameworks";
				PRODUCT_BUNDLE_IDENTIFIER = com.ellenli.quietUITests;
				PRODUCT_NAME = "$(TARGET_NAME)";
				SWIFT_VERSION = 3.0;
				TEST_TARGET_NAME = quiet;
			};
			name = Debug;
		};
		8F50AC591DF9FE4A002DF741 /* Release */ = {
			isa = XCBuildConfiguration;
			buildSettings = {
				ALWAYS_EMBED_SWIFT_STANDARD_LIBRARIES = YES;
				COMBINE_HIDPI_IMAGES = YES;
				INFOPLIST_FILE = quietUITests/Info.plist;
				LD_RUNPATH_SEARCH_PATHS = "$(inherited) @executable_path/../Frameworks @loader_path/../Frameworks";
				PRODUCT_BUNDLE_IDENTIFIER = com.ellenli.quietUITests;
				PRODUCT_NAME = "$(TARGET_NAME)";
				SWIFT_VERSION = 3.0;
				TEST_TARGET_NAME = quiet;
			};
			name = Release;
		};
/* End XCBuildConfiguration section */

/* Begin XCConfigurationList section */
		8F50AC291DF9FE4A002DF741 /* Build configuration list for PBXProject "quiet" */ = {
			isa = XCConfigurationList;
			buildConfigurations = (
				8F50AC4F1DF9FE4A002DF741 /* Debug */,
				8F50AC501DF9FE4A002DF741 /* Release */,
			);
			defaultConfigurationIsVisible = 0;
			defaultConfigurationName = Release;
		};
		8F50AC511DF9FE4A002DF741 /* Build configuration list for PBXNativeTarget "quiet" */ = {
			isa = XCConfigurationList;
			buildConfigurations = (
				8F50AC521DF9FE4A002DF741 /* Debug */,
				8F50AC531DF9FE4A002DF741 /* Release */,
			);
			defaultConfigurationIsVisible = 0;
		};
		8F50AC541DF9FE4A002DF741 /* Build configuration list for PBXNativeTarget "quietTests" */ = {
			isa = XCConfigurationList;
			buildConfigurations = (
				8F50AC551DF9FE4A002DF741 /* Debug */,
				8F50AC561DF9FE4A002DF741 /* Release */,
			);
			defaultConfigurationIsVisible = 0;
		};
		8F50AC571DF9FE4A002DF741 /* Build configuration list for PBXNativeTarget "quietUITests" */ = {
			isa = XCConfigurationList;
			buildConfigurations = (
				8F50AC581DF9FE4A002DF741 /* Debug */,
				8F50AC591DF9FE4A002DF741 /* Release */,
			);
			defaultConfigurationIsVisible = 0;
		};
/* End XCConfigurationList section */
	};
	rootObject = 8F50AC261DF9FE4A002DF741 /* Project object */;
}
